
Microsoft Visual Studio Solution File, Format Version 12.00
# Visual Studio Version 17
VisualStudioVersion = 17.9.34622.214
MinimumVisualStudioVersion = 10.0.40219.1
Project("{888888A0-9F3D-457C-B088-3A5042F75D52}") = "NextWordPredictionLSTM", "NextWordPredictionLSTM.pyproj", "{6CBE090B-720C-4411-976C-F41A987AD5D8}"
EndProject
Global
	GlobalSection(SolutionConfigurationPlatforms) = preSolution
		Debug|Any CPU = Debug|Any CPU
		Release|Any CPU = Release|Any CPU
	EndGlobalSection
	GlobalSection(ProjectConfigurationPlatforms) = postSolution
		{6CBE090B-720C-4411-976C-F41A987AD5D8}.Debug|Any CPU.ActiveCfg = Debug|Any CPU
		{6CBE090B-720C-4411-976C-F41A987AD5D8}.Release|Any CPU.ActiveCfg = Release|Any CPU
	EndGlobalSection
	GlobalSection(SolutionProperties) = preSolution
		HideSolutionNode = FALSE
	EndGlobalSection
	GlobalSection(ExtensibilityGlobals) = postSolution
		SolutionGuid = {3D43588D-8875-45E5-983A-55390D7B2D11}
	EndGlobalSection
EndGlobal
